
Microsoft Visual Studio Solution File, Format Version 12.00
# Visual Studio 2012
Project("{FAE04EC0-301F-11D3-BF4B-00C04F79EFBC}") = "Schmulik.AspNetClientSession", "Schmulik.AspNetClientSession\Schmulik.AspNetClientSession.csproj", "{D0BE651C-D588-4D08-8141-02FEDD95D937}"
EndProject
Project("{FAE04EC0-301F-11D3-BF4B-00C04F79EFBC}") = "Schmulik.AspNetClientSession.Tests", "Schmulik.AspNetClientSession.Tests\Schmulik.AspNetClientSession.Tests.csproj", "{ED69B8DF-6DE5-4D25-9661-06510C089E3B}"
EndProject
Project("{FAE04EC0-301F-11D3-BF4B-00C04F79EFBC}") = "Schmulik.AspNetClientSession.Web", "Schmulik.AspNetClientSession.Web\Schmulik.AspNetClientSession.Web.csproj", "{D34A844A-AAE0-4D95-BB37-0B1BBAE132AB}"
EndProject
Project("{2150E333-8FDC-42A3-9474-1A3956D46DE8}") = ".nuget", ".nuget", "{E1614ED8-E83B-4E90-91D5-27C66AB29454}"
	ProjectSection(SolutionItems) = preProject
		.nuget\NuGet.Config = .nuget\NuGet.Config
		.nuget\NuGet.exe = .nuget\NuGet.exe
		.nuget\NuGet.targets = .nuget\NuGet.targets
	EndProjectSection
EndProject
Global
	GlobalSection(SolutionConfigurationPlatforms) = preSolution
		Debug|Any CPU = Debug|Any CPU
		Release|Any CPU = Release|Any CPU
	EndGlobalSection
	GlobalSection(ProjectConfigurationPlatforms) = postSolution
		{D0BE651C-D588-4D08-8141-02FEDD95D937}.Debug|Any CPU.ActiveCfg = Debug|Any CPU
		{D0BE651C-D588-4D08-8141-02FEDD95D937}.Debug|Any CPU.Build.0 = Debug|Any CPU
		{D0BE651C-D588-4D08-8141-02FEDD95D937}.Release|Any CPU.ActiveCfg = Release|Any CPU
		{D0BE651C-D588-4D08-8141-02FEDD95D937}.Release|Any CPU.Build.0 = Release|Any CPU
		{ED69B8DF-6DE5-4D25-9661-06510C089E3B}.Debug|Any CPU.ActiveCfg = Debug|Any CPU
		{ED69B8DF-6DE5-4D25-9661-06510C089E3B}.Debug|Any CPU.Build.0 = Debug|Any CPU
		{ED69B8DF-6DE5-4D25-9661-06510C089E3B}.Release|Any CPU.ActiveCfg = Release|Any CPU
		{ED69B8DF-6DE5-4D25-9661-06510C089E3B}.Release|Any CPU.Build.0 = Release|Any CPU
		{D34A844A-AAE0-4D95-BB37-0B1BBAE132AB}.Debug|Any CPU.ActiveCfg = Debug|Any CPU
		{D34A844A-AAE0-4D95-BB37-0B1BBAE132AB}.Debug|Any CPU.Build.0 = Debug|Any CPU
		{D34A844A-AAE0-4D95-BB37-0B1BBAE132AB}.Release|Any CPU.ActiveCfg = Release|Any CPU
		{D34A844A-AAE0-4D95-BB37-0B1BBAE132AB}.Release|Any CPU.Build.0 = Release|Any CPU
	EndGlobalSection
	GlobalSection(SolutionProperties) = preSolution
		HideSolutionNode = FALSE
	EndGlobalSection
EndGlobal
